
Microsoft Visual Studio Solution File, Format Version 12.00
# Visual Studio Version 17
VisualStudioVersion = 17.0.31912.275
MinimumVisualStudioVersion = 10.0.40219.1
Project("{FAE04EC0-301F-11D3-BF4B-00C04F79EFBC}") = "Ex03.ConsoleUI", "Ex03.ConsoleUI\Ex03.ConsoleUI.csproj", "{AFDDDDFA-E2D1-414B-B06D-AC0671FE88C4}"
EndProject
Project("{FAE04EC0-301F-11D3-BF4B-00C04F79EFBC}") = "Ex03.GarageLogic", "Ex03.GarageLogic\Ex03.GarageLogic.csproj", "{16638BFB-0D29-411C-974C-374D98969E88}"
EndProject
Global
	GlobalSection(SolutionConfigurationPlatforms) = preSolution
		Debug|Any CPU = Debug|Any CPU
		Release|Any CPU = Release|Any CPU
	EndGlobalSection
	GlobalSection(ProjectConfigurationPlatforms) = postSolution
		{AFDDDDFA-E2D1-414B-B06D-AC0671FE88C4}.Debug|Any CPU.ActiveCfg = Debug|Any CPU
		{AFDDDDFA-E2D1-414B-B06D-AC0671FE88C4}.Debug|Any CPU.Build.0 = Debug|Any CPU
		{AFDDDDFA-E2D1-414B-B06D-AC0671FE88C4}.Release|Any CPU.ActiveCfg = Release|Any CPU
		{AFDDDDFA-E2D1-414B-B06D-AC0671FE88C4}.Release|Any CPU.Build.0 = Release|Any CPU
		{16638BFB-0D29-411C-974C-374D98969E88}.Debug|Any CPU.ActiveCfg = Debug|Any CPU
		{16638BFB-0D29-411C-974C-374D98969E88}.Debug|Any CPU.Build.0 = Debug|Any CPU
		{16638BFB-0D29-411C-974C-374D98969E88}.Release|Any CPU.ActiveCfg = Release|Any CPU
		{16638BFB-0D29-411C-974C-374D98969E88}.Release|Any CPU.Build.0 = Release|Any CPU
	EndGlobalSection
	GlobalSection(SolutionProperties) = preSolution
		HideSolutionNode = FALSE
	EndGlobalSection
	GlobalSection(ExtensibilityGlobals) = postSolution
		SolutionGuid = {D4436B45-472B-46C3-8F6B-076CD7CD4650}
	EndGlobalSection
EndGlobal
